
Microsoft Visual Studio Solution File, Format Version 12.00
# Visual Studio Version 16
VisualStudioVersion = 16.0.31005.135
MinimumVisualStudioVersion = 10.0.40219.1
Project("{FAE04EC0-301F-11D3-BF4B-00C04F79EFBC}") = "ClassesIntroductie", "ClassesIntroductie\ClassesIntroductie.csproj", "{408B8A27-3592-446A-A0E8-8FCADD546A4E}"
EndProject
Global
	GlobalSection(SolutionConfigurationPlatforms) = preSolution
		Debug|Any CPU = Debug|Any CPU
		Release|Any CPU = Release|Any CPU
	EndGlobalSection
	GlobalSection(ProjectConfigurationPlatforms) = postSolution
		{408B8A27-3592-446A-A0E8-8FCADD546A4E}.Debug|Any CPU.ActiveCfg = Debug|Any CPU
		{408B8A27-3592-446A-A0E8-8FCADD546A4E}.Debug|Any CPU.Build.0 = Debug|Any CPU
		{408B8A27-3592-446A-A0E8-8FCADD546A4E}.Release|Any CPU.ActiveCfg = Release|Any CPU
		{408B8A27-3592-446A-A0E8-8FCADD546A4E}.Release|Any CPU.Build.0 = Release|Any CPU
	EndGlobalSection
	GlobalSection(SolutionProperties) = preSolution
		HideSolutionNode = FALSE
	EndGlobalSection
	GlobalSection(ExtensibilityGlobals) = postSolution
		SolutionGuid = {7B87D99E-4A96-44C8-8FD0-836600CCED15}
	EndGlobalSection
EndGlobal
